
Microsoft Visual Studio Solution File, Format Version 12.00
# Visual Studio Version 16
VisualStudioVersion = 16.0.29503.13
MinimumVisualStudioVersion = 10.0.40219.1
Project("{9A19103F-16F7-4668-BE54-9A1E7A4F7556}") = "Food.Services.Models", "Food.Services.Models.csproj", "{E4A458FC-DF31-47B3-B571-B01386377DBC}"
EndProject
Global
	GlobalSection(SolutionConfigurationPlatforms) = preSolution
		Debug|Any CPU = Debug|Any CPU
		Release|Any CPU = Release|Any CPU
	EndGlobalSection
	GlobalSection(ProjectConfigurationPlatforms) = postSolution
		{E4A458FC-DF31-47B3-B571-B01386377DBC}.Debug|Any CPU.ActiveCfg = Debug|Any CPU
		{E4A458FC-DF31-47B3-B571-B01386377DBC}.Debug|Any CPU.Build.0 = Debug|Any CPU
		{E4A458FC-DF31-47B3-B571-B01386377DBC}.Release|Any CPU.ActiveCfg = Release|Any CPU
		{E4A458FC-DF31-47B3-B571-B01386377DBC}.Release|Any CPU.Build.0 = Release|Any CPU
	EndGlobalSection
	GlobalSection(SolutionProperties) = preSolution
		HideSolutionNode = FALSE
	EndGlobalSection
	GlobalSection(ExtensibilityGlobals) = postSolution
		SolutionGuid = {37347128-DD99-4005-B56D-0356FD01D7F0}
	EndGlobalSection
EndGlobal
